// !$*UTF8*$!
{
	archiveVersion = 1;
	classes = {
	};
	objectVersion = 50;
	objects = {

/* Begin PBXBuildFile section */
		2107D6FA26B1896300B1312C /* AppDelegate.swift in Sources */ = {isa = PBXBuildFile; fileRef = 2107D6F926B1896300B1312C /* AppDelegate.swift */; };
		2107D6FC26B1896300B1312C /* SceneDelegate.swift in Sources */ = {isa = PBXBuildFile; fileRef = 2107D6FB26B1896300B1312C /* SceneDelegate.swift */; };
		2107D70126B1896300B1312C /* MainInterface.storyboard in Resources */ = {isa = PBXBuildFile; fileRef = 2107D6FF26B1896300B1312C /* MainInterface.storyboard */; };
		2107D70326B1896600B1312C /* Assets.xcassets in Resources */ = {isa = PBXBuildFile; fileRef = 2107D70226B1896600B1312C /* Assets.xcassets */; };
		2107D70626B1896600B1312C /* LaunchScreen.storyboard in Resources */ = {isa = PBXBuildFile; fileRef = 2107D70426B1896600B1312C /* LaunchScreen.storyboard */; };
		210BCF1F278F6316004401EB /* MainInterfaceViewController.swift in Sources */ = {isa = PBXBuildFile; fileRef = 210BCF1E278F6316004401EB /* MainInterfaceViewController.swift */; };
		210BCF22278F6323004401EB /* MainInterfacePresenter.swift in Sources */ = {isa = PBXBuildFile; fileRef = 210BCF21278F6323004401EB /* MainInterfacePresenter.swift */; };
		210BCF25278F6332004401EB /* MainInterfaceInteractor.swift in Sources */ = {isa = PBXBuildFile; fileRef = 210BCF24278F6332004401EB /* MainInterfaceInteractor.swift */; };
		210BCF28278F63C5004401EB /* MainInterfaceRouter.swift in Sources */ = {isa = PBXBuildFile; fileRef = 210BCF27278F63C5004401EB /* MainInterfaceRouter.swift */; };
		210BCF2B278F63CF004401EB /* MainInterfaceConfigurator.swift in Sources */ = {isa = PBXBuildFile; fileRef = 210BCF2A278F63CF004401EB /* MainInterfaceConfigurator.swift */; };
		210BCF2E278F63D9004401EB /* MainInterfaceProtocols.swift in Sources */ = {isa = PBXBuildFile; fileRef = 210BCF2D278F63D9004401EB /* MainInterfaceProtocols.swift */; };
		210BCF30278F640C004401EB /* MainInterfaceConstants.swift in Sources */ = {isa = PBXBuildFile; fileRef = 210BCF2F278F640C004401EB /* MainInterfaceConstants.swift */; };
		2126FDCA2790BFD70031A700 /* PageInterfacePresenter.swift in Sources */ = {isa = PBXBuildFile; fileRef = 2126FDBF2790BFD70031A700 /* PageInterfacePresenter.swift */; };
		2126FDCB2790BFD70031A700 /* PageInterfaceViewController.swift in Sources */ = {isa = PBXBuildFile; fileRef = 2126FDC12790BFD70031A700 /* PageInterfaceViewController.swift */; };
		2126FDCC2790BFD70031A700 /* PageInterfaceConfigurator.swift in Sources */ = {isa = PBXBuildFile; fileRef = 2126FDC32790BFD70031A700 /* PageInterfaceConfigurator.swift */; };
		2126FDCD2790BFD70031A700 /* PageInterfaceProtocols.swift in Sources */ = {isa = PBXBuildFile; fileRef = 2126FDC52790BFD70031A700 /* PageInterfaceProtocols.swift */; };
		2126FDCE2790BFD70031A700 /* PageInterfaceInteractor.swift in Sources */ = {isa = PBXBuildFile; fileRef = 2126FDC72790BFD70031A700 /* PageInterfaceInteractor.swift */; };
		2126FDCF2790BFD70031A700 /* PageInterfaceRouter.swift in Sources */ = {isa = PBXBuildFile; fileRef = 2126FDC92790BFD70031A700 /* PageInterfaceRouter.swift */; };
		2126FDD12790BFFE0031A700 /* PageInterface.storyboard in Resources */ = {isa = PBXBuildFile; fileRef = 2126FDD02790BFFE0031A700 /* PageInterface.storyboard */; };
		2126FDD32790C17F0031A700 /* PageInterfaceConstants.swift in Sources */ = {isa = PBXBuildFile; fileRef = 2126FDD22790C17F0031A700 /* PageInterfaceConstants.swift */; };
		2186142E27549B8B00443829 /* SclollableMenu.storyboard in Resources */ = {isa = PBXBuildFile; fileRef = 2186142227549B8B00443829 /* SclollableMenu.storyboard */; };
		2186142F27549B8B00443829 /* SclollableMenuPresenter.swift in Sources */ = {isa = PBXBuildFile; fileRef = 2186142427549B8B00443829 /* SclollableMenuPresenter.swift */; };
		2186143027549B8B00443829 /* SclollableMenuCell.swift in Sources */ = {isa = PBXBuildFile; fileRef = 2186142627549B8B00443829 /* SclollableMenuCell.swift */; };
		2186143127549B8B00443829 /* SclollableMenuViewController.swift in Sources */ = {isa = PBXBuildFile; fileRef = 2186142827549B8B00443829 /* SclollableMenuViewController.swift */; };
		2186143227549B8B00443829 /* SclollableMenuConfigurator.swift in Sources */ = {isa = PBXBuildFile; fileRef = 2186142A27549B8B00443829 /* SclollableMenuConfigurator.swift */; };
		2186143327549B8B00443829 /* SclollableMenuConstants.swift in Sources */ = {isa = PBXBuildFile; fileRef = 2186142B27549B8B00443829 /* SclollableMenuConstants.swift */; };
		2186143427549B8B00443829 /* SclollableMenuProtocols.swift in Sources */ = {isa = PBXBuildFile; fileRef = 2186142D27549B8B00443829 /* SclollableMenuProtocols.swift */; };
		218614372754AA8900443829 /* UIViewControllerHelper.swift in Sources */ = {isa = PBXBuildFile; fileRef = 218614362754AA8900443829 /* UIViewControllerHelper.swift */; };
		218614392754AB8900443829 /* StringHelper.swift in Sources */ = {isa = PBXBuildFile; fileRef = 218614382754AB8900443829 /* StringHelper.swift */; };
/* End PBXBuildFile section */

/* Begin PBXFileReference section */
		2107D6F626B1896300B1312C /* CustomScrollableMenuApp.app */ = {isa = PBXFileReference; explicitFileType = wrapper.application; includeInIndex = 0; path = CustomScrollableMenuApp.app; sourceTree = BUILT_PRODUCTS_DIR; };
		2107D6F926B1896300B1312C /* AppDelegate.swift */ = {isa = PBXFileReference; lastKnownFileType = sourcecode.swift; path = AppDelegate.swift; sourceTree = "<group>"; };
		2107D6FB26B1896300B1312C /* SceneDelegate.swift */ = {isa = PBXFileReference; lastKnownFileType = sourcecode.swift; path = SceneDelegate.swift; sourceTree = "<group>"; };
		2107D70026B1896300B1312C /* Base */ = {isa = PBXFileReference; lastKnownFileType = file.storyboard; name = Base; path = Base.lproj/MainInterface.storyboard; sourceTree = "<group>"; };
		2107D70226B1896600B1312C /* Assets.xcassets */ = {isa = PBXFileReference; lastKnownFileType = folder.assetcatalog; path = Assets.xcassets; sourceTree = "<group>"; };
		2107D70526B1896600B1312C /* Base */ = {isa = PBXFileReference; lastKnownFileType = file.storyboard; name = Base; path = Base.lproj/LaunchScreen.storyboard; sourceTree = "<group>"; };
		2107D70726B1896600B1312C /* Info.plist */ = {isa = PBXFileReference; lastKnownFileType = text.plist.xml; path = Info.plist; sourceTree = "<group>"; };
		210BCF1E278F6316004401EB /* MainInterfaceViewController.swift */ = {isa = PBXFileReference; fileEncoding = 4; lastKnownFileType = sourcecode.swift; path = MainInterfaceViewController.swift; sourceTree = "<group>"; };
		210BCF21278F6323004401EB /* MainInterfacePresenter.swift */ = {isa = PBXFileReference; fileEncoding = 4; lastKnownFileType = sourcecode.swift; path = MainInterfacePresenter.swift; sourceTree = "<group>"; };
		210BCF24278F6332004401EB /* MainInterfaceInteractor.swift */ = {isa = PBXFileReference; fileEncoding = 4; lastKnownFileType = sourcecode.swift; path = MainInterfaceInteractor.swift; sourceTree = "<group>"; };
		210BCF27278F63C5004401EB /* MainInterfaceRouter.swift */ = {isa = PBXFileReference; fileEncoding = 4; lastKnownFileType = sourcecode.swift; path = MainInterfaceRouter.swift; sourceTree = "<group>"; };
		210BCF2A278F63CF004401EB /* MainInterfaceConfigurator.swift */ = {isa = PBXFileReference; fileEncoding = 4; lastKnownFileType = sourcecode.swift; path = MainInterfaceConfigurator.swift; sourceTree = "<group>"; };
		210BCF2D278F63D9004401EB /* MainInterfaceProtocols.swift */ = {isa = PBXFileReference; fileEncoding = 4; lastKnownFileType = sourcecode.swift; path = MainInterfaceProtocols.swift; sourceTree = "<group>"; };
		210BCF2F278F640C004401EB /* MainInterfaceConstants.swift */ = {isa = PBXFileReference; lastKnownFileType = sourcecode.swift; path = MainInterfaceConstants.swift; sourceTree = "<group>"; };
		2126FDBF2790BFD70031A700 /* PageInterfacePresenter.swift */ = {isa = PBXFileReference; fileEncoding = 4; lastKnownFileType = sourcecode.swift; path = PageInterfacePresenter.swift; sourceTree = "<group>"; };
		2126FDC12790BFD70031A700 /* PageInterfaceViewController.swift */ = {isa = PBXFileReference; fileEncoding = 4; lastKnownFileType = sourcecode.swift; path = PageInterfaceViewController.swift; sourceTree = "<group>"; };
		2126FDC32790BFD70031A700 /* PageInterfaceConfigurator.swift */ = {isa = PBXFileReference; fileEncoding = 4; lastKnownFileType = sourcecode.swift; path = PageInterfaceConfigurator.swift; sourceTree = "<group>"; };
		2126FDC52790BFD70031A700 /* PageInterfaceProtocols.swift */ = {isa = PBXFileReference; fileEncoding = 4; lastKnownFileType = sourcecode.swift; path = PageInterfaceProtocols.swift; sourceTree = "<group>"; };
		2126FDC72790BFD70031A700 /* PageInterfaceInteractor.swift */ = {isa = PBXFileReference; fileEncoding = 4; lastKnownFileType = sourcecode.swift; path = PageInterfaceInteractor.swift; sourceTree = "<group>"; };
		2126FDC92790BFD70031A700 /* PageInterfaceRouter.swift */ = {isa = PBXFileReference; fileEncoding = 4; lastKnownFileType = sourcecode.swift; path = PageInterfaceRouter.swift; sourceTree = "<group>"; };
		2126FDD02790BFFE0031A700 /* PageInterface.storyboard */ = {isa = PBXFileReference; lastKnownFileType = file.storyboard; path = PageInterface.storyboard; sourceTree = "<group>"; };
		2126FDD22790C17F0031A700 /* PageInterfaceConstants.swift */ = {isa = PBXFileReference; lastKnownFileType = sourcecode.swift; path = PageInterfaceConstants.swift; sourceTree = "<group>"; };
		2186142227549B8B00443829 /* SclollableMenu.storyboard */ = {isa = PBXFileReference; fileEncoding = 4; lastKnownFileType = file.storyboard; path = SclollableMenu.storyboard; sourceTree = "<group>"; };
		2186142427549B8B00443829 /* SclollableMenuPresenter.swift */ = {isa = PBXFileReference; fileEncoding = 4; lastKnownFileType = sourcecode.swift; path = SclollableMenuPresenter.swift; sourceTree = "<group>"; };
		2186142627549B8B00443829 /* SclollableMenuCell.swift */ = {isa = PBXFileReference; fileEncoding = 4; lastKnownFileType = sourcecode.swift; path = SclollableMenuCell.swift; sourceTree = "<group>"; };
		2186142827549B8B00443829 /* SclollableMenuViewController.swift */ = {isa = PBXFileReference; fileEncoding = 4; lastKnownFileType = sourcecode.swift; path = SclollableMenuViewController.swift; sourceTree = "<group>"; };
		2186142A27549B8B00443829 /* SclollableMenuConfigurator.swift */ = {isa = PBXFileReference; fileEncoding = 4; lastKnownFileType = sourcecode.swift; path = SclollableMenuConfigurator.swift; sourceTree = "<group>"; };
		2186142B27549B8B00443829 /* SclollableMenuConstants.swift */ = {isa = PBXFileReference; fileEncoding = 4; lastKnownFileType = sourcecode.swift; path = SclollableMenuConstants.swift; sourceTree = "<group>"; };
		2186142D27549B8B00443829 /* SclollableMenuProtocols.swift */ = {isa = PBXFileReference; fileEncoding = 4; lastKnownFileType = sourcecode.swift; path = SclollableMenuProtocols.swift; sourceTree = "<group>"; };
		218614362754AA8900443829 /* UIViewControllerHelper.swift */ = {isa = PBXFileReference; lastKnownFileType = sourcecode.swift; path = UIViewControllerHelper.swift; sourceTree = "<group>"; };
		218614382754AB8900443829 /* StringHelper.swift */ = {isa = PBXFileReference; lastKnownFileType = sourcecode.swift; path = StringHelper.swift; sourceTree = "<group>"; };
/* End PBXFileReference section */

/* Begin PBXFrameworksBuildPhase section */
		2107D6F326B1896300B1312C /* Frameworks */ = {
			isa = PBXFrameworksBuildPhase;
			buildActionMask = 2147483647;
			files = (
			);
			runOnlyForDeploymentPostprocessing = 0;
		};
/* End PBXFrameworksBuildPhase section */

/* Begin PBXGroup section */
		2107D6ED26B1896300B1312C = {
			isa = PBXGroup;
			children = (
				2107D6F826B1896300B1312C /* CustomScrollableMenuApp */,
				2107D6F726B1896300B1312C /* Products */,
			);
			sourceTree = "<group>";
		};
		2107D6F726B1896300B1312C /* Products */ = {
			isa = PBXGroup;
			children = (
				2107D6F626B1896300B1312C /* CustomScrollableMenuApp.app */,
			);
			name = Products;
			sourceTree = "<group>";
		};
		2107D6F826B1896300B1312C /* CustomScrollableMenuApp */ = {
			isa = PBXGroup;
			children = (
				2186143B2754AF0A00443829 /* PresentationLayer */,
				2186143A2754ACE900443829 /* App */,
				218614352754AA7400443829 /* Shared */,
			);
			path = CustomScrollableMenuApp;
			sourceTree = "<group>";
		};
		210BCF1D278F6316004401EB /* View */ = {
			isa = PBXGroup;
			children = (
				210BCF1E278F6316004401EB /* MainInterfaceViewController.swift */,
			);
			path = View;
			sourceTree = "<group>";
		};
		210BCF20278F6323004401EB /* Presenter */ = {
			isa = PBXGroup;
			children = (
				210BCF21278F6323004401EB /* MainInterfacePresenter.swift */,
			);
			path = Presenter;
			sourceTree = "<group>";
		};
		210BCF23278F6332004401EB /* Interactor */ = {
			isa = PBXGroup;
			children = (
				210BCF24278F6332004401EB /* MainInterfaceInteractor.swift */,
			);
			path = Interactor;
			sourceTree = "<group>";
		};
		210BCF26278F63C4004401EB /* Router */ = {
			isa = PBXGroup;
			children = (
				210BCF27278F63C5004401EB /* MainInterfaceRouter.swift */,
			);
			path = Router;
			sourceTree = "<group>";
		};
		210BCF29278F63CF004401EB /* Configurator */ = {
			isa = PBXGroup;
			children = (
				210BCF2A278F63CF004401EB /* MainInterfaceConfigurator.swift */,
				210BCF2F278F640C004401EB /* MainInterfaceConstants.swift */,
			);
			path = Configurator;
			sourceTree = "<group>";
		};
		210BCF2C278F63D9004401EB /* Protocols */ = {
			isa = PBXGroup;
			children = (
				210BCF2D278F63D9004401EB /* MainInterfaceProtocols.swift */,
			);
			path = Protocols;
			sourceTree = "<group>";
		};
		2126FDBD2790BFD70031A700 /* PageInterface */ = {
			isa = PBXGroup;
			children = (
				2126FDD02790BFFE0031A700 /* PageInterface.storyboard */,
				2126FDC02790BFD70031A700 /* View */,
				2126FDBE2790BFD70031A700 /* Presenter */,
				2126FDC62790BFD70031A700 /* Interactor */,
				2126FDC82790BFD70031A700 /* Router */,
				2126FDC22790BFD70031A700 /* Configurator */,
				2126FDC42790BFD70031A700 /* Protocols */,
			);
			path = PageInterface;
			sourceTree = "<group>";
		};
		2126FDBE2790BFD70031A700 /* Presenter */ = {
			isa = PBXGroup;
			children = (
				2126FDBF2790BFD70031A700 /* PageInterfacePresenter.swift */,
			);
			path = Presenter;
			sourceTree = "<group>";
		};
		2126FDC02790BFD70031A700 /* View */ = {
			isa = PBXGroup;
			children = (
				2126FDC12790BFD70031A700 /* PageInterfaceViewController.swift */,
			);
			path = View;
			sourceTree = "<group>";
		};
		2126FDC22790BFD70031A700 /* Configurator */ = {
			isa = PBXGroup;
			children = (
				2126FDC32790BFD70031A700 /* PageInterfaceConfigurator.swift */,
				2126FDD22790C17F0031A700 /* PageInterfaceConstants.swift */,
			);
			path = Configurator;
			sourceTree = "<group>";
		};
		2126FDC42790BFD70031A700 /* Protocols */ = {
			isa = PBXGroup;
			children = (
				2126FDC52790BFD70031A700 /* PageInterfaceProtocols.swift */,
			);
			path = Protocols;
			sourceTree = "<group>";
		};
		2126FDC62790BFD70031A700 /* Interactor */ = {
			isa = PBXGroup;
			children = (
				2126FDC72790BFD70031A700 /* PageInterfaceInteractor.swift */,
			);
			path = Interactor;
			sourceTree = "<group>";
		};
		2126FDC82790BFD70031A700 /* Router */ = {
			isa = PBXGroup;
			children = (
				2126FDC92790BFD70031A700 /* PageInterfaceRouter.swift */,
			);
			path = Router;
			sourceTree = "<group>";
		};
		2186142127549B8B00443829 /* SclollableMenu */ = {
			isa = PBXGroup;
			children = (
				2186142227549B8B00443829 /* SclollableMenu.storyboard */,
				2186142727549B8B00443829 /* View */,
				2186142327549B8B00443829 /* Presenter */,
				2186142927549B8B00443829 /* Configurator */,
				2186142C27549B8B00443829 /* Protocols */,
			);
			path = SclollableMenu;
			sourceTree = "<group>";
		};
		2186142327549B8B00443829 /* Presenter */ = {
			isa = PBXGroup;
			children = (
				2186142427549B8B00443829 /* SclollableMenuPresenter.swift */,
			);
			path = Presenter;
			sourceTree = "<group>";
		};
		2186142727549B8B00443829 /* View */ = {
			isa = PBXGroup;
			children = (
				2186142627549B8B00443829 /* SclollableMenuCell.swift */,
				2186142827549B8B00443829 /* SclollableMenuViewController.swift */,
			);
			path = View;
			sourceTree = "<group>";
		};
		2186142927549B8B00443829 /* Configurator */ = {
			isa = PBXGroup;
			children = (
				2186142A27549B8B00443829 /* SclollableMenuConfigurator.swift */,
				2186142B27549B8B00443829 /* SclollableMenuConstants.swift */,
			);
			path = Configurator;
			sourceTree = "<group>";
		};
		2186142C27549B8B00443829 /* Protocols */ = {
			isa = PBXGroup;
			children = (
				2186142D27549B8B00443829 /* SclollableMenuProtocols.swift */,
			);
			path = Protocols;
			sourceTree = "<group>";
		};
		218614352754AA7400443829 /* Shared */ = {
			isa = PBXGroup;
			children = (
				218614362754AA8900443829 /* UIViewControllerHelper.swift */,
				218614382754AB8900443829 /* StringHelper.swift */,
			);
			path = Shared;
			sourceTree = "<group>";
		};
		2186143A2754ACE900443829 /* App */ = {
			isa = PBXGroup;
			children = (
				2107D6F926B1896300B1312C /* AppDelegate.swift */,
				2107D6FB26B1896300B1312C /* SceneDelegate.swift */,
				2107D70426B1896600B1312C /* LaunchScreen.storyboard */,
				2107D70226B1896600B1312C /* Assets.xcassets */,
				2107D70726B1896600B1312C /* Info.plist */,
			);
			path = App;
			sourceTree = "<group>";
		};
		2186143B2754AF0A00443829 /* PresentationLayer */ = {
			isa = PBXGroup;
			children = (
				21B466F0276A7F97008F3273 /* MainInterface */,
				2126FDBD2790BFD70031A700 /* PageInterface */,
				2186142127549B8B00443829 /* SclollableMenu */,
			);
			path = PresentationLayer;
			sourceTree = "<group>";
		};
		21B466F0276A7F97008F3273 /* MainInterface */ = {
			isa = PBXGroup;
			children = (
				2107D6FF26B1896300B1312C /* MainInterface.storyboard */,
				210BCF1D278F6316004401EB /* View */,
				210BCF20278F6323004401EB /* Presenter */,
				210BCF23278F6332004401EB /* Interactor */,
				210BCF26278F63C4004401EB /* Router */,
				210BCF29278F63CF004401EB /* Configurator */,
				210BCF2C278F63D9004401EB /* Protocols */,
			);
			path = MainInterface;
			sourceTree = "<group>";
		};
/* End PBXGroup section */

/* Begin PBXNativeTarget section */
		2107D6F526B1896300B1312C /* CustomScrollableMenuApp */ = {
			isa = PBXNativeTarget;
			buildConfigurationList = 2107D70A26B1896600B1312C /* Build configuration list for PBXNativeTarget "CustomScrollableMenuApp" */;
			buildPhases = (
				2107D6F226B1896300B1312C /* Sources */,
				2107D6F326B1896300B1312C /* Frameworks */,
				2107D6F426B1896300B1312C /* Resources */,
			);
			buildRules = (
			);
			dependencies = (
			);
			name = CustomScrollableMenuApp;
			productName = TestScrollApp;
			productReference = 2107D6F626B1896300B1312C /* CustomScrollableMenuApp.app */;
			productType = "com.apple.product-type.application";
		};
/* End PBXNativeTarget section */

/* Begin PBXProject section */
		2107D6EE26B1896300B1312C /* Project object */ = {
			isa = PBXProject;
			attributes = {
				LastSwiftUpdateCheck = 1250;
				LastUpgradeCheck = 1250;
				TargetAttributes = {
					2107D6F526B1896300B1312C = {
						CreatedOnToolsVersion = 12.5;
					};
				};
			};
			buildConfigurationList = 2107D6F126B1896300B1312C /* Build configuration list for PBXProject "CustomScrollableMenuApp" */;
			compatibilityVersion = "Xcode 9.3";
			developmentRegion = en;
			hasScannedForEncodings = 0;
			knownRegions = (
				en,
				Base,
			);
			mainGroup = 2107D6ED26B1896300B1312C;
			productRefGroup = 2107D6F726B1896300B1312C /* Products */;
			projectDirPath = "";
			projectRoot = "";
			targets = (
				2107D6F526B1896300B1312C /* CustomScrollableMenuApp */,
			);
		};
/* End PBXProject section */

/* Begin PBXResourcesBuildPhase section */
		2107D6F426B1896300B1312C /* Resources */ = {
			isa = PBXResourcesBuildPhase;
			buildActionMask = 2147483647;
			files = (
				2107D70626B1896600B1312C /* LaunchScreen.storyboard in Resources */,
				2107D70326B1896600B1312C /* Assets.xcassets in Resources */,
				2186142E27549B8B00443829 /* SclollableMenu.storyboard in Resources */,
				2126FDD12790BFFE0031A700 /* PageInterface.storyboard in Resources */,
				2107D70126B1896300B1312C /* MainInterface.storyboard in Resources */,
			);
			runOnlyForDeploymentPostprocessing = 0;
		};
/* End PBXResourcesBuildPhase section */

/* Begin PBXSourcesBuildPhase section */
		2107D6F226B1896300B1312C /* Sources */ = {
			isa = PBXSourcesBuildPhase;
			buildActionMask = 2147483647;
			files = (
				218614392754AB8900443829 /* StringHelper.swift in Sources */,
				2186143227549B8B00443829 /* SclollableMenuConfigurator.swift in Sources */,
				2126FDCF2790BFD70031A700 /* PageInterfaceRouter.swift in Sources */,
				210BCF28278F63C5004401EB /* MainInterfaceRouter.swift in Sources */,
				2126FDCE2790BFD70031A700 /* PageInterfaceInteractor.swift in Sources */,
				210BCF2B278F63CF004401EB /* MainInterfaceConfigurator.swift in Sources */,
				2126FDCB2790BFD70031A700 /* PageInterfaceViewController.swift in Sources */,
				2126FDCD2790BFD70031A700 /* PageInterfaceProtocols.swift in Sources */,
				2186143327549B8B00443829 /* SclollableMenuConstants.swift in Sources */,
				2107D6FA26B1896300B1312C /* AppDelegate.swift in Sources */,
				2186143427549B8B00443829 /* SclollableMenuProtocols.swift in Sources */,
				210BCF30278F640C004401EB /* MainInterfaceConstants.swift in Sources */,
				2186142F27549B8B00443829 /* SclollableMenuPresenter.swift in Sources */,
				2107D6FC26B1896300B1312C /* SceneDelegate.swift in Sources */,
				218614372754AA8900443829 /* UIViewControllerHelper.swift in Sources */,
				2126FDCA2790BFD70031A700 /* PageInterfacePresenter.swift in Sources */,
				2186143127549B8B00443829 /* SclollableMenuViewController.swift in Sources */,
				2186143027549B8B00443829 /* SclollableMenuCell.swift in Sources */,
				2126FDD32790C17F0031A700 /* PageInterfaceConstants.swift in Sources */,
				2126FDCC2790BFD70031A700 /* PageInterfaceConfigurator.swift in Sources */,
				210BCF1F278F6316004401EB /* MainInterfaceViewController.swift in Sources */,
				210BCF2E278F63D9004401EB /* MainInterfaceProtocols.swift in Sources */,
				210BCF22278F6323004401EB /* MainInterfacePresenter.swift in Sources */,
				210BCF25278F6332004401EB /* MainInterfaceInteractor.swift in Sources */,
			);
			runOnlyForDeploymentPostprocessing = 0;
		};
/* End PBXSourcesBuildPhase section */

/* Begin PBXVariantGroup section */
		2107D6FF26B1896300B1312C /* MainInterface.storyboard */ = {
			isa = PBXVariantGroup;
			children = (
				2107D70026B1896300B1312C /* Base */,
			);
			name = MainInterface.storyboard;
			sourceTree = "<group>";
		};
		2107D70426B1896600B1312C /* LaunchScreen.storyboard */ = {
			isa = PBXVariantGroup;
			children = (
				2107D70526B1896600B1312C /* Base */,
			);
			name = LaunchScreen.storyboard;
			sourceTree = "<group>";
		};
/* End PBXVariantGroup section */

/* Begin XCBuildConfiguration section */
		2107D70826B1896600B1312C /* Debug */ = {
			isa = XCBuildConfiguration;
			buildSettings = {
				ALWAYS_SEARCH_USER_PATHS = NO;
				CLANG_ANALYZER_NONNULL = YES;
				CLANG_ANALYZER_NUMBER_OBJECT_CONVERSION = YES_AGGRESSIVE;
				CLANG_CXX_LANGUAGE_STANDARD = "gnu++14";
				CLANG_CXX_LIBRARY = "libc++";
				CLANG_ENABLE_MODULES = YES;
				CLANG_ENABLE_OBJC_ARC = YES;
				CLANG_ENABLE_OBJC_WEAK = YES;
				CLANG_WARN_BLOCK_CAPTURE_AUTORELEASING = YES;
				CLANG_WARN_BOOL_CONVERSION = YES;
				CLANG_WARN_COMMA = YES;
				CLANG_WARN_CONSTANT_CONVERSION = YES;
				CLANG_WARN_DEPRECATED_OBJC_IMPLEMENTATIONS = YES;
				CLANG_WARN_DIRECT_OBJC_ISA_USAGE = YES_ERROR;
				CLANG_WARN_DOCUMENTATION_COMMENTS = YES;
				CLANG_WARN_EMPTY_BODY = YES;
				CLANG_WARN_ENUM_CONVERSION = YES;
				CLANG_WARN_INFINITE_RECURSION = YES;
				CLANG_WARN_INT_CONVERSION = YES;
				CLANG_WARN_NON_LITERAL_NULL_CONVERSION = YES;
				CLANG_WARN_OBJC_IMPLICIT_RETAIN_SELF = YES;
				CLANG_WARN_OBJC_LITERAL_CONVERSION = YES;
				CLANG_WARN_OBJC_ROOT_CLASS = YES_ERROR;
				CLANG_WARN_QUOTED_INCLUDE_IN_FRAMEWORK_HEADER = YES;
				CLANG_WARN_RANGE_LOOP_ANALYSIS = YES;
				CLANG_WARN_STRICT_PROTOTYPES = YES;
				CLANG_WARN_SUSPICIOUS_MOVE = YES;
				CLANG_WARN_UNGUARDED_AVAILABILITY = YES_AGGRESSIVE;
				CLANG_WARN_UNREACHABLE_CODE = YES;
				CLANG_WARN__DUPLICATE_METHOD_MATCH = YES;
				COPY_PHASE_STRIP = NO;
				DEBUG_INFORMATION_FORMAT = dwarf;
				ENABLE_STRICT_OBJC_MSGSEND = YES;
				ENABLE_TESTABILITY = YES;
				GCC_C_LANGUAGE_STANDARD = gnu11;
				GCC_DYNAMIC_NO_PIC = NO;
				GCC_NO_COMMON_BLOCKS = YES;
				GCC_OPTIMIZATION_LEVEL = 0;
				GCC_PREPROCESSOR_DEFINITIONS = (
					"DEBUG=1",
					"$(inherited)",
				);
				GCC_WARN_64_TO_32_BIT_CONVERSION = YES;
				GCC_WARN_ABOUT_RETURN_TYPE = YES_ERROR;
				GCC_WARN_UNDECLARED_SELECTOR = YES;
				GCC_WARN_UNINITIALIZED_AUTOS = YES_AGGRESSIVE;
				GCC_WARN_UNUSED_FUNCTION = YES;
				GCC_WARN_UNUSED_VARIABLE = YES;
				IPHONEOS_DEPLOYMENT_TARGET = 14.5;
				MTL_ENABLE_DEBUG_INFO = INCLUDE_SOURCE;
				MTL_FAST_MATH = YES;
				ONLY_ACTIVE_ARCH = YES;
				SDKROOT = iphoneos;
				SWIFT_ACTIVE_COMPILATION_CONDITIONS = DEBUG;
				SWIFT_OPTIMIZATION_LEVEL = "-Onone";
			};
			name = Debug;
		};
		2107D70926B1896600B1312C /* Release */ = {
			isa = XCBuildConfiguration;
			buildSettings = {
				ALWAYS_SEARCH_USER_PATHS = NO;
				CLANG_ANALYZER_NONNULL = YES;
				CLANG_ANALYZER_NUMBER_OBJECT_CONVERSION = YES_AGGRESSIVE;
				CLANG_CXX_LANGUAGE_STANDARD = "gnu++14";
				CLANG_CXX_LIBRARY = "libc++";
				CLANG_ENABLE_MODULES = YES;
				CLANG_ENABLE_OBJC_ARC = YES;
				CLANG_ENABLE_OBJC_WEAK = YES;
				CLANG_WARN_BLOCK_CAPTURE_AUTORELEASING = YES;
				CLANG_WARN_BOOL_CONVERSION = YES;
				CLANG_WARN_COMMA = YES;
				CLANG_WARN_CONSTANT_CONVERSION = YES;
				CLANG_WARN_DEPRECATED_OBJC_IMPLEMENTATIONS = YES;
				CLANG_WARN_DIRECT_OBJC_ISA_USAGE = YES_ERROR;
				CLANG_WARN_DOCUMENTATION_COMMENTS = YES;
				CLANG_WARN_EMPTY_BODY = YES;
				CLANG_WARN_ENUM_CONVERSION = YES;
				CLANG_WARN_INFINITE_RECURSION = YES;
				CLANG_WARN_INT_CONVERSION = YES;
				CLANG_WARN_NON_LITERAL_NULL_CONVERSION = YES;
				CLANG_WARN_OBJC_IMPLICIT_RETAIN_SELF = YES;
				CLANG_WARN_OBJC_LITERAL_CONVERSION = YES;
				CLANG_WARN_OBJC_ROOT_CLASS = YES_ERROR;
				CLANG_WARN_QUOTED_INCLUDE_IN_FRAMEWORK_HEADER = YES;
				CLANG_WARN_RANGE_LOOP_ANALYSIS = YES;
				CLANG_WARN_STRICT_PROTOTYPES = YES;
				CLANG_WARN_SUSPICIOUS_MOVE = YES;
				CLANG_WARN_UNGUARDED_AVAILABILITY = YES_AGGRESSIVE;
				CLANG_WARN_UNREACHABLE_CODE = YES;
				CLANG_WARN__DUPLICATE_METHOD_MATCH = YES;
				COPY_PHASE_STRIP = NO;
				DEBUG_INFORMATION_FORMAT = "dwarf-with-dsym";
				ENABLE_NS_ASSERTIONS = NO;
				ENABLE_STRICT_OBJC_MSGSEND = YES;
				GCC_C_LANGUAGE_STANDARD = gnu11;
				GCC_NO_COMMON_BLOCKS = YES;
				GCC_WARN_64_TO_32_BIT_CONVERSION = YES;
				GCC_WARN_ABOUT_RETURN_TYPE = YES_ERROR;
				GCC_WARN_UNDECLARED_SELECTOR = YES;
				GCC_WARN_UNINITIALIZED_AUTOS = YES_AGGRESSIVE;
				GCC_WARN_UNUSED_FUNCTION = YES;
				GCC_WARN_UNUSED_VARIABLE = YES;
				IPHONEOS_DEPLOYMENT_TARGET = 14.5;
				MTL_ENABLE_DEBUG_INFO = NO;
				MTL_FAST_MATH = YES;
				SDKROOT = iphoneos;
				SWIFT_COMPILATION_MODE = wholemodule;
				SWIFT_OPTIMIZATION_LEVEL = "-O";
				VALIDATE_PRODUCT = YES;
			};
			name = Release;
		};
		2107D70B26B1896600B1312C /* Debug */ = {
			isa = XCBuildConfiguration;
			buildSettings = {
				ASSETCATALOG_COMPILER_APPICON_NAME = AppIcon;
				ASSETCATALOG_COMPILER_GLOBAL_ACCENT_COLOR_NAME = AccentColor;
				CODE_SIGN_STYLE = Automatic;
				DEVELOPMENT_TEAM = Z8WC7W7LL3;
				INFOPLIST_FILE = CustomScrollableMenuApp/App/Info.plist;
				LD_RUNPATH_SEARCH_PATHS = (
					"$(inherited)",
					"@executable_path/Frameworks",
				);
				PRODUCT_BUNDLE_IDENTIFIER = ElizabethRudenko.TestScrollApp;
				PRODUCT_NAME = "$(TARGET_NAME)";
				SWIFT_VERSION = 5.0;
				TARGETED_DEVICE_FAMILY = "1,2";
			};
			name = Debug;
		};
		2107D70C26B1896600B1312C /* Release */ = {
			isa = XCBuildConfiguration;
			buildSettings = {
				ASSETCATALOG_COMPILER_APPICON_NAME = AppIcon;
				ASSETCATALOG_COMPILER_GLOBAL_ACCENT_COLOR_NAME = AccentColor;
				CODE_SIGN_STYLE = Automatic;
				DEVELOPMENT_TEAM = Z8WC7W7LL3;
				INFOPLIST_FILE = CustomScrollableMenuApp/App/Info.plist;
				LD_RUNPATH_SEARCH_PATHS = (
					"$(inherited)",
					"@executable_path/Frameworks",
				);
				PRODUCT_BUNDLE_IDENTIFIER = ElizabethRudenko.TestScrollApp;
				PRODUCT_NAME = "$(TARGET_NAME)";
				SWIFT_VERSION = 5.0;
				TARGETED_DEVICE_FAMILY = "1,2";
			};
			name = Release;
		};
/* End XCBuildConfiguration section */

/* Begin XCConfigurationList section */
		2107D6F126B1896300B1312C /* Build configuration list for PBXProject "CustomScrollableMenuApp" */ = {
			isa = XCConfigurationList;
			buildConfigurations = (
				2107D70826B1896600B1312C /* Debug */,
				2107D70926B1896600B1312C /* Release */,
			);
			defaultConfigurationIsVisible = 0;
			defaultConfigurationName = Release;
		};
		2107D70A26B1896600B1312C /* Build configuration list for PBXNativeTarget "CustomScrollableMenuApp" */ = {
			isa = XCConfigurationList;
			buildConfigurations = (
				2107D70B26B1896600B1312C /* Debug */,
				2107D70C26B1896600B1312C /* Release */,
			);
			defaultConfigurationIsVisible = 0;
			defaultConfigurationName = Release;
		};
/* End XCConfigurationList section */
	};
	rootObject = 2107D6EE26B1896300B1312C /* Project object */;
}
